
Microsoft Visual Studio Solution File, Format Version 12.00
# Visual Studio Version 16
VisualStudioVersion = 16.0.30128.74
MinimumVisualStudioVersion = 10.0.40219.1
Project("{FAE04EC0-301F-11D3-BF4B-00C04F79EFBC}") = "WCF_RESTful_Client", "WCF_RESTful_Client\WCF_RESTful_Client.csproj", "{8FCDD1ED-1B79-4060-B984-4F21B54078CC}"
EndProject
Project("{FAE04EC0-301F-11D3-BF4B-00C04F79EFBC}") = "WCFRESTService", "WCFRESTService\WCFRESTService.csproj", "{C409F8BC-F4F1-4392-A685-55A78F3475BA}"
EndProject
Global
	GlobalSection(SolutionConfigurationPlatforms) = preSolution
		Debug|Any CPU = Debug|Any CPU
		Release|Any CPU = Release|Any CPU
	EndGlobalSection
	GlobalSection(ProjectConfigurationPlatforms) = postSolution
		{8FCDD1ED-1B79-4060-B984-4F21B54078CC}.Debug|Any CPU.ActiveCfg = Debug|Any CPU
		{8FCDD1ED-1B79-4060-B984-4F21B54078CC}.Debug|Any CPU.Build.0 = Debug|Any CPU
		{8FCDD1ED-1B79-4060-B984-4F21B54078CC}.Release|Any CPU.ActiveCfg = Release|Any CPU
		{8FCDD1ED-1B79-4060-B984-4F21B54078CC}.Release|Any CPU.Build.0 = Release|Any CPU
		{C409F8BC-F4F1-4392-A685-55A78F3475BA}.Debug|Any CPU.ActiveCfg = Debug|Any CPU
		{C409F8BC-F4F1-4392-A685-55A78F3475BA}.Debug|Any CPU.Build.0 = Debug|Any CPU
		{C409F8BC-F4F1-4392-A685-55A78F3475BA}.Release|Any CPU.ActiveCfg = Release|Any CPU
		{C409F8BC-F4F1-4392-A685-55A78F3475BA}.Release|Any CPU.Build.0 = Release|Any CPU
	EndGlobalSection
	GlobalSection(SolutionProperties) = preSolution
		HideSolutionNode = FALSE
	EndGlobalSection
	GlobalSection(ExtensibilityGlobals) = postSolution
		SolutionGuid = {63B655B3-892C-4EB9-B3BB-018B2CB78A6D}
	EndGlobalSection
EndGlobal
